{
  "requires": true,
  "lockfileVersion": 1,
  "dependencies": {
    "es6-promise": {
      "version": "0.1.2",
      "resolved": "https://registry.npmjs.org/es6-promise/-/es6-promise-0.1.2.tgz",
      "integrity": "sha1-8RLCn+paCZhTn8tqL9IUQ9KPBfc="
    },
    "jquery": {
      "version": "3.6.0",
      "resolved": "https://registry.npmjs.org/jquery/-/jquery-3.6.0.tgz",
      "integrity": "sha512-JVzAR/AjBvVt2BmYhxRCSYysDsPcssdmTFnzyLEts9qNwmjmu4JTAMYubEfwVOSwpQ1I1sKKFcxhZCI2buerfw=="
    },
    "leaflet.locatecontrol": {
      "version": "0.74.0",
      "resolved": "https://registry.npmjs.org/leaflet.locatecontrol/-/leaflet.locatecontrol-0.74.0.tgz",
      "integrity": "sha512-Rs4u2ZH9SeEB4IBLhBT3yPWaN81CtFq4XWT6gTCZeqVOImMJKpwqkVn9FKxge9Z5JFBRJHFFquYEdwR3mxgHxg=="
    },
    "lodash": {
      "version": "2.4.2",
      "resolved": "https://registry.npmjs.org/lodash/-/lodash-2.4.2.tgz",
      "integrity": "sha1-+t2DS5aDBz2hebPq5tnA0VBT9z4="
    },
    "task-js": {
      "version": "0.0.5",
      "resolved": "https://registry.npmjs.org/task-js/-/task-js-0.0.5.tgz",
      "integrity": "sha1-tQald8Z54xUYvLdYbzRMFwvqQVI=",
      "requires": {
        "es6-promise": "~0.1.1",
        "lodash": "~2.4.1"
      }
    }
  }
}
